
Microsoft Visual Studio Solution File, Format Version 12.00
# Visual Studio Version 17
VisualStudioVersion = 17.1.32210.238
MinimumVisualStudioVersion = 10.0.40219.1
Project("{FAE04EC0-301F-11D3-BF4B-00C04F79EFBC}") = "ShareKernel", "ShareKernel\ShareKernel.csproj", "{0B63608E-1E0E-4268-9F4F-5E5A130911B7}"
EndProject
Project("{FAE04EC0-301F-11D3-BF4B-00C04F79EFBC}") = "Aeronave.Domain", "Aeronave.Domain\Aeronave.Domain.csproj", "{63B467FC-6617-4FEC-8A29-104D84DF3D5A}"
EndProject
Project("{FAE04EC0-301F-11D3-BF4B-00C04F79EFBC}") = "Aeronave.Application", "Aeronave.Application\Aeronave.Application.csproj", "{1FE8EDF6-17C7-49D7-8AF4-3DA268A5F540}"
EndProject
Global
	GlobalSection(SolutionConfigurationPlatforms) = preSolution
		Debug|Any CPU = Debug|Any CPU
		Release|Any CPU = Release|Any CPU
	EndGlobalSection
	GlobalSection(ProjectConfigurationPlatforms) = postSolution
		{0B63608E-1E0E-4268-9F4F-5E5A130911B7}.Debug|Any CPU.ActiveCfg = Debug|Any CPU
		{0B63608E-1E0E-4268-9F4F-5E5A130911B7}.Debug|Any CPU.Build.0 = Debug|Any CPU
		{0B63608E-1E0E-4268-9F4F-5E5A130911B7}.Release|Any CPU.ActiveCfg = Release|Any CPU
		{0B63608E-1E0E-4268-9F4F-5E5A130911B7}.Release|Any CPU.Build.0 = Release|Any CPU
		{63B467FC-6617-4FEC-8A29-104D84DF3D5A}.Debug|Any CPU.ActiveCfg = Debug|Any CPU
		{63B467FC-6617-4FEC-8A29-104D84DF3D5A}.Debug|Any CPU.Build.0 = Debug|Any CPU
		{63B467FC-6617-4FEC-8A29-104D84DF3D5A}.Release|Any CPU.ActiveCfg = Release|Any CPU
		{63B467FC-6617-4FEC-8A29-104D84DF3D5A}.Release|Any CPU.Build.0 = Release|Any CPU
		{1FE8EDF6-17C7-49D7-8AF4-3DA268A5F540}.Debug|Any CPU.ActiveCfg = Debug|Any CPU
		{1FE8EDF6-17C7-49D7-8AF4-3DA268A5F540}.Debug|Any CPU.Build.0 = Debug|Any CPU
		{1FE8EDF6-17C7-49D7-8AF4-3DA268A5F540}.Release|Any CPU.ActiveCfg = Release|Any CPU
		{1FE8EDF6-17C7-49D7-8AF4-3DA268A5F540}.Release|Any CPU.Build.0 = Release|Any CPU
	EndGlobalSection
	GlobalSection(SolutionProperties) = preSolution
		HideSolutionNode = FALSE
	EndGlobalSection
	GlobalSection(ExtensibilityGlobals) = postSolution
		SolutionGuid = {96991B18-A04F-416A-8C67-D01919708DE6}
	EndGlobalSection
EndGlobal
